
Microsoft Visual Studio Solution File, Format Version 12.00
# Visual Studio Version 16
VisualStudioVersion = 16.0.34407.143
MinimumVisualStudioVersion = 10.0.40219.1
Project("{8BC9CEB8-8B4A-11D0-8D11-00A0C91BC942}") = "lesson42", "lesson42\lesson42.vcxproj", "{2F48F005-F83F-4861-9F54-50A4D12B5D6C}"
EndProject
Global
	GlobalSection(SolutionConfigurationPlatforms) = preSolution
		Debug|x64 = Debug|x64
		Debug|x86 = Debug|x86
		Release|x64 = Release|x64
		Release|x86 = Release|x86
	EndGlobalSection
	GlobalSection(ProjectConfigurationPlatforms) = postSolution
		{2F48F005-F83F-4861-9F54-50A4D12B5D6C}.Debug|x64.ActiveCfg = Debug|x64
		{2F48F005-F83F-4861-9F54-50A4D12B5D6C}.Debug|x64.Build.0 = Debug|x64
		{2F48F005-F83F-4861-9F54-50A4D12B5D6C}.Debug|x86.ActiveCfg = Debug|Win32
		{2F48F005-F83F-4861-9F54-50A4D12B5D6C}.Debug|x86.Build.0 = Debug|Win32
		{2F48F005-F83F-4861-9F54-50A4D12B5D6C}.Release|x64.ActiveCfg = Release|x64
		{2F48F005-F83F-4861-9F54-50A4D12B5D6C}.Release|x64.Build.0 = Release|x64
		{2F48F005-F83F-4861-9F54-50A4D12B5D6C}.Release|x86.ActiveCfg = Release|Win32
		{2F48F005-F83F-4861-9F54-50A4D12B5D6C}.Release|x86.Build.0 = Release|Win32
	EndGlobalSection
	GlobalSection(SolutionProperties) = preSolution
		HideSolutionNode = FALSE
	EndGlobalSection
	GlobalSection(ExtensibilityGlobals) = postSolution
		SolutionGuid = {3C6C5F8E-79F4-4848-86E5-01E0D9A7D89E}
	EndGlobalSection
EndGlobal
